
Microsoft Visual Studio Solution File, Format Version 12.00
# Visual Studio 15
VisualStudioVersion = 15.0.27004.2009
MinimumVisualStudioVersion = 10.0.40219.1
Project("{2150E333-8FDC-42A3-9474-1A3956D46DE8}") = "Solution Items", "Solution Items", "{E6E61DFD-87D2-4626-9823-FD86C39A0E0B}"
	ProjectSection(SolutionItems) = preProject
		HTMLPage1.html = HTMLPage1.html
		HTMLPage2.html = HTMLPage2.html
		HTMLPage3.html = HTMLPage3.html
		HTMLPage4.html = HTMLPage4.html
		HTMLPage5.html = HTMLPage5.html
		HTMLPage6.html = HTMLPage6.html
	EndProjectSection
EndProject
Global
	GlobalSection(SolutionProperties) = preSolution
		HideSolutionNode = FALSE
	EndGlobalSection
	GlobalSection(ExtensibilityGlobals) = postSolution
		SolutionGuid = {45134073-9FC3-4D04-B81E-29065A83483F}
	EndGlobalSection
EndGlobal
